{
  "requires": true,
  "lockfileVersion": 1,
  "dependencies": {
    "@types/node": {
      "version": "9.4.1",
      "resolved": "https://registry.npmjs.org/@types/node/-/node-9.4.1.tgz",
      "integrity": "sha512-9ESUxmXt1Isc1xKfDBZ7tpULyTPY5ZCywcfvQTXoLUqP+n4D+MBH+0n75hdzrcmfCc3eWByOi27+GLmMuAvcUA==",
      "dev": true
    }
  }
}
